
Microsoft Visual Studio Solution File, Format Version 12.00
# Visual Studio Version 17
VisualStudioVersion = 17.5.002.0
MinimumVisualStudioVersion = 10.0.40219.1
Project("{9A19103F-16F7-4668-BE54-9A1E7A4F7556}") = "PrimeiroApp", "PrimeiroApp\PrimeiroApp.csproj", "{EF418242-D171-4A31-ACE6-E288C2AF6E85}"
EndProject
Global
	GlobalSection(SolutionConfigurationPlatforms) = preSolution
		Debug|Any CPU = Debug|Any CPU
		Debug|ARM64 = Debug|ARM64
		Debug|x64 = Debug|x64
		Debug|x86 = Debug|x86
		Release|Any CPU = Release|Any CPU
		Release|ARM64 = Release|ARM64
		Release|x64 = Release|x64
		Release|x86 = Release|x86
	EndGlobalSection
	GlobalSection(ProjectConfigurationPlatforms) = postSolution
		{EF418242-D171-4A31-ACE6-E288C2AF6E85}.Debug|Any CPU.ActiveCfg = Debug|Any CPU
		{EF418242-D171-4A31-ACE6-E288C2AF6E85}.Debug|Any CPU.Build.0 = Debug|Any CPU
		{EF418242-D171-4A31-ACE6-E288C2AF6E85}.Debug|ARM64.ActiveCfg = Debug|Any CPU
		{EF418242-D171-4A31-ACE6-E288C2AF6E85}.Debug|ARM64.Build.0 = Debug|Any CPU
		{EF418242-D171-4A31-ACE6-E288C2AF6E85}.Debug|x64.ActiveCfg = Debug|Any CPU
		{EF418242-D171-4A31-ACE6-E288C2AF6E85}.Debug|x64.Build.0 = Debug|Any CPU
		{EF418242-D171-4A31-ACE6-E288C2AF6E85}.Debug|x86.ActiveCfg = Debug|Any CPU
		{EF418242-D171-4A31-ACE6-E288C2AF6E85}.Debug|x86.Build.0 = Debug|Any CPU
		{EF418242-D171-4A31-ACE6-E288C2AF6E85}.Release|Any CPU.ActiveCfg = Release|Any CPU
		{EF418242-D171-4A31-ACE6-E288C2AF6E85}.Release|Any CPU.Build.0 = Release|Any CPU
		{EF418242-D171-4A31-ACE6-E288C2AF6E85}.Release|ARM64.ActiveCfg = Release|Any CPU
		{EF418242-D171-4A31-ACE6-E288C2AF6E85}.Release|ARM64.Build.0 = Release|Any CPU
		{EF418242-D171-4A31-ACE6-E288C2AF6E85}.Release|x64.ActiveCfg = Release|Any CPU
		{EF418242-D171-4A31-ACE6-E288C2AF6E85}.Release|x64.Build.0 = Release|Any CPU
		{EF418242-D171-4A31-ACE6-E288C2AF6E85}.Release|x86.ActiveCfg = Release|Any CPU
		{EF418242-D171-4A31-ACE6-E288C2AF6E85}.Release|x86.Build.0 = Release|Any CPU
		{EF418242-D171-4A31-ACE6-E288C2AF6E85}.Release|x86.Deploy.0 = Release|Any CPU
	EndGlobalSection
	GlobalSection(SolutionProperties) = preSolution
		HideSolutionNode = FALSE
	EndGlobalSection
	GlobalSection(ExtensibilityGlobals) = postSolution
		SolutionGuid = {5E76AB13-80B4-42A3-BD13-BEF5642820ED}
	EndGlobalSection
EndGlobal
